// !$*UTF8*$!
{
	archiveVersion = 1;
	classes = {
	};
	objectVersion = 46;
	objects = {

/* Begin PBXBuildFile section */
		91A1CAA11B9017CD009CF85D /* main.m in Sources */ = {isa = PBXBuildFile; fileRef = 91A1CAA01B9017CD009CF85D /* main.m */; };
		91A1CAA41B9017CD009CF85D /* AppDelegate.m in Sources */ = {isa = PBXBuildFile; fileRef = 91A1CAA31B9017CD009CF85D /* AppDelegate.m */; };
		91A1CAAA1B9017CD009CF85D /* Main.storyboard in Resources */ = {isa = PBXBuildFile; fileRef = 91A1CAA81B9017CD009CF85D /* Main.storyboard */; };
		91A1CAAC1B9017CD009CF85D /* Images.xcassets in Resources */ = {isa = PBXBuildFile; fileRef = 91A1CAAB1B9017CD009CF85D /* Images.xcassets */; };
		91A1CAAF1B9017CD009CF85D /* LaunchScreen.xib in Resources */ = {isa = PBXBuildFile; fileRef = 91A1CAAD1B9017CD009CF85D /* LaunchScreen.xib */; };
		91A1CABB1B9017CD009CF85D /* TelephoneTests.m in Sources */ = {isa = PBXBuildFile; fileRef = 91A1CABA1B9017CD009CF85D /* TelephoneTests.m */; };
		91A1CACB1B9032E6009CF85D /* TelephoneViewController.m in Sources */ = {isa = PBXBuildFile; fileRef = 91A1CAC91B9032E6009CF85D /* TelephoneViewController.m */; };
		91A1CACC1B9032E6009CF85D /* TelephoneViewController.xib in Resources */ = {isa = PBXBuildFile; fileRef = 91A1CACA1B9032E6009CF85D /* TelephoneViewController.xib */; };
		91A1CACE1B904196009CF85D /* TelephoneEn.plist in Resources */ = {isa = PBXBuildFile; fileRef = 91A1CACD1B904196009CF85D /* TelephoneEn.plist */; };
		91A1CAD11B904A94009CF85D /* ControyViewController.m in Sources */ = {isa = PBXBuildFile; fileRef = 91A1CAD01B904A94009CF85D /* ControyViewController.m */; };
		91A1CADC1B90570F009CF85D /* CountryTableViewCell.m in Sources */ = {isa = PBXBuildFile; fileRef = 91A1CADB1B90570F009CF85D /* CountryTableViewCell.m */; };
/* End PBXBuildFile section */

/* Begin PBXContainerItemProxy section */
		91A1CAB51B9017CD009CF85D /* PBXContainerItemProxy */ = {
			isa = PBXContainerItemProxy;
			containerPortal = 91A1CA931B9017CD009CF85D /* Project object */;
			proxyType = 1;
			remoteGlobalIDString = 91A1CA9A1B9017CD009CF85D;
			remoteInfo = Telephone;
		};
/* End PBXContainerItemProxy section */

/* Begin PBXFileReference section */
		91A1CA9B1B9017CD009CF85D /* Telephone.app */ = {isa = PBXFileReference; explicitFileType = wrapper.application; includeInIndex = 0; path = Telephone.app; sourceTree = BUILT_PRODUCTS_DIR; };
		91A1CA9F1B9017CD009CF85D /* Info.plist */ = {isa = PBXFileReference; lastKnownFileType = text.plist.xml; path = Info.plist; sourceTree = "<group>"; };
		91A1CAA01B9017CD009CF85D /* main.m */ = {isa = PBXFileReference; lastKnownFileType = sourcecode.c.objc; path = main.m; sourceTree = "<group>"; };
		91A1CAA21B9017CD009CF85D /* AppDelegate.h */ = {isa = PBXFileReference; lastKnownFileType = sourcecode.c.h; path = AppDelegate.h; sourceTree = "<group>"; };
		91A1CAA31B9017CD009CF85D /* AppDelegate.m */ = {isa = PBXFileReference; lastKnownFileType = sourcecode.c.objc; path = AppDelegate.m; sourceTree = "<group>"; };
		91A1CAA91B9017CD009CF85D /* Base */ = {isa = PBXFileReference; lastKnownFileType = file.storyboard; name = Base; path = Base.lproj/Main.storyboard; sourceTree = "<group>"; };
		91A1CAAB1B9017CD009CF85D /* Images.xcassets */ = {isa = PBXFileReference; lastKnownFileType = folder.assetcatalog; path = Images.xcassets; sourceTree = "<group>"; };
		91A1CAAE1B9017CD009CF85D /* Base */ = {isa = PBXFileReference; lastKnownFileType = file.xib; name = Base; path = Base.lproj/LaunchScreen.xib; sourceTree = "<group>"; };
		91A1CAB41B9017CD009CF85D /* TelephoneTests.xctest */ = {isa = PBXFileReference; explicitFileType = wrapper.cfbundle; includeInIndex = 0; path = TelephoneTests.xctest; sourceTree = BUILT_PRODUCTS_DIR; };
		91A1CAB91B9017CD009CF85D /* Info.plist */ = {isa = PBXFileReference; lastKnownFileType = text.plist.xml; path = Info.plist; sourceTree = "<group>"; };
		91A1CABA1B9017CD009CF85D /* TelephoneTests.m */ = {isa = PBXFileReference; lastKnownFileType = sourcecode.c.objc; path = TelephoneTests.m; sourceTree = "<group>"; };
		91A1CAC81B9032E6009CF85D /* TelephoneViewController.h */ = {isa = PBXFileReference; fileEncoding = 4; lastKnownFileType = sourcecode.c.h; path = TelephoneViewController.h; sourceTree = "<group>"; };
		91A1CAC91B9032E6009CF85D /* TelephoneViewController.m */ = {isa = PBXFileReference; fileEncoding = 4; lastKnownFileType = sourcecode.c.objc; path = TelephoneViewController.m; sourceTree = "<group>"; };
		91A1CACA1B9032E6009CF85D /* TelephoneViewController.xib */ = {isa = PBXFileReference; fileEncoding = 4; lastKnownFileType = file.xib; path = TelephoneViewController.xib; sourceTree = "<group>"; };
		91A1CACD1B904196009CF85D /* TelephoneEn.plist */ = {isa = PBXFileReference; fileEncoding = 4; lastKnownFileType = text.plist.xml; path = TelephoneEn.plist; sourceTree = "<group>"; };
		91A1CACF1B904A94009CF85D /* ControyViewController.h */ = {isa = PBXFileReference; fileEncoding = 4; lastKnownFileType = sourcecode.c.h; path = ControyViewController.h; sourceTree = "<group>"; };
		91A1CAD01B904A94009CF85D /* ControyViewController.m */ = {isa = PBXFileReference; fileEncoding = 4; lastKnownFileType = sourcecode.c.objc; path = ControyViewController.m; sourceTree = "<group>"; };
		91A1CADA1B90570F009CF85D /* CountryTableViewCell.h */ = {isa = PBXFileReference; fileEncoding = 4; lastKnownFileType = sourcecode.c.h; path = CountryTableViewCell.h; sourceTree = "<group>"; };
		91A1CADB1B90570F009CF85D /* CountryTableViewCell.m */ = {isa = PBXFileReference; fileEncoding = 4; lastKnownFileType = sourcecode.c.objc; path = CountryTableViewCell.m; sourceTree = "<group>"; };
/* End PBXFileReference section */

/* Begin PBXFrameworksBuildPhase section */
		91A1CA981B9017CD009CF85D /* Frameworks */ = {
			isa = PBXFrameworksBuildPhase;
			buildActionMask = 2147483647;
			files = (
			);
			runOnlyForDeploymentPostprocessing = 0;
		};
		91A1CAB11B9017CD009CF85D /* Frameworks */ = {
			isa = PBXFrameworksBuildPhase;
			buildActionMask = 2147483647;
			files = (
			);
			runOnlyForDeploymentPostprocessing = 0;
		};
/* End PBXFrameworksBuildPhase section */

/* Begin PBXGroup section */
		91A1CA921B9017CD009CF85D = {
			isa = PBXGroup;
			children = (
				91A1CA9D1B9017CD009CF85D /* Telephone */,
				91A1CAB71B9017CD009CF85D /* TelephoneTests */,
				91A1CA9C1B9017CD009CF85D /* Products */,
			);
			sourceTree = "<group>";
		};
		91A1CA9C1B9017CD009CF85D /* Products */ = {
			isa = PBXGroup;
			children = (
				91A1CA9B1B9017CD009CF85D /* Telephone.app */,
				91A1CAB41B9017CD009CF85D /* TelephoneTests.xctest */,
			);
			name = Products;
			sourceTree = "<group>";
		};
		91A1CA9D1B9017CD009CF85D /* Telephone */ = {
			isa = PBXGroup;
			children = (
				91A1CAA21B9017CD009CF85D /* AppDelegate.h */,
				91A1CAA31B9017CD009CF85D /* AppDelegate.m */,
				91A1CAC81B9032E6009CF85D /* TelephoneViewController.h */,
				91A1CAC91B9032E6009CF85D /* TelephoneViewController.m */,
				91A1CACA1B9032E6009CF85D /* TelephoneViewController.xib */,
				91A1CACF1B904A94009CF85D /* ControyViewController.h */,
				91A1CAD01B904A94009CF85D /* ControyViewController.m */,
				91A1CADA1B90570F009CF85D /* CountryTableViewCell.h */,
				91A1CADB1B90570F009CF85D /* CountryTableViewCell.m */,
				91A1CAA81B9017CD009CF85D /* Main.storyboard */,
				91A1CAAB1B9017CD009CF85D /* Images.xcassets */,
				91A1CAAD1B9017CD009CF85D /* LaunchScreen.xib */,
				91A1CA9E1B9017CD009CF85D /* Supporting Files */,
			);
			path = Telephone;
			sourceTree = "<group>";
		};
		91A1CA9E1B9017CD009CF85D /* Supporting Files */ = {
			isa = PBXGroup;
			children = (
				91A1CA9F1B9017CD009CF85D /* Info.plist */,
				91A1CACD1B904196009CF85D /* TelephoneEn.plist */,
				91A1CAA01B9017CD009CF85D /* main.m */,
			);
			name = "Supporting Files";
			sourceTree = "<group>";
		};
		91A1CAB71B9017CD009CF85D /* TelephoneTests */ = {
			isa = PBXGroup;
			children = (
				91A1CABA1B9017CD009CF85D /* TelephoneTests.m */,
				91A1CAB81B9017CD009CF85D /* Supporting Files */,
			);
			path = TelephoneTests;
			sourceTree = "<group>";
		};
		91A1CAB81B9017CD009CF85D /* Supporting Files */ = {
			isa = PBXGroup;
			children = (
				91A1CAB91B9017CD009CF85D /* Info.plist */,
			);
			name = "Supporting Files";
			sourceTree = "<group>";
		};
/* End PBXGroup section */

/* Begin PBXNativeTarget section */
		91A1CA9A1B9017CD009CF85D /* Telephone */ = {
			isa = PBXNativeTarget;
			buildConfigurationList = 91A1CABE1B9017CD009CF85D /* Build configuration list for PBXNativeTarget "Telephone" */;
			buildPhases = (
				91A1CA971B9017CD009CF85D /* Sources */,
				91A1CA981B9017CD009CF85D /* Frameworks */,
				91A1CA991B9017CD009CF85D /* Resources */,
			);
			buildRules = (
			);
			dependencies = (
			);
			name = Telephone;
			productName = Telephone;
			productReference = 91A1CA9B1B9017CD009CF85D /* Telephone.app */;
			productType = "com.apple.product-type.application";
		};
		91A1CAB31B9017CD009CF85D /* TelephoneTests */ = {
			isa = PBXNativeTarget;
			buildConfigurationList = 91A1CAC11B9017CD009CF85D /* Build configuration list for PBXNativeTarget "TelephoneTests" */;
			buildPhases = (
				91A1CAB01B9017CD009CF85D /* Sources */,
				91A1CAB11B9017CD009CF85D /* Frameworks */,
				91A1CAB21B9017CD009CF85D /* Resources */,
			);
			buildRules = (
			);
			dependencies = (
				91A1CAB61B9017CD009CF85D /* PBXTargetDependency */,
			);
			name = TelephoneTests;
			productName = TelephoneTests;
			productReference = 91A1CAB41B9017CD009CF85D /* TelephoneTests.xctest */;
			productType = "com.apple.product-type.bundle.unit-test";
		};
/* End PBXNativeTarget section */

/* Begin PBXProject section */
		91A1CA931B9017CD009CF85D /* Project object */ = {
			isa = PBXProject;
			attributes = {
				LastUpgradeCheck = 0610;
				ORGANIZATIONNAME = monstarlab6;
				TargetAttributes = {
					91A1CA9A1B9017CD009CF85D = {
						CreatedOnToolsVersion = 6.1.1;
					};
					91A1CAB31B9017CD009CF85D = {
						CreatedOnToolsVersion = 6.1.1;
						TestTargetID = 91A1CA9A1B9017CD009CF85D;
					};
				};
			};
			buildConfigurationList = 91A1CA961B9017CD009CF85D /* Build configuration list for PBXProject "Telephone" */;
			compatibilityVersion = "Xcode 3.2";
			developmentRegion = English;
			hasScannedForEncodings = 0;
			knownRegions = (
				en,
				Base,
			);
			mainGroup = 91A1CA921B9017CD009CF85D;
			productRefGroup = 91A1CA9C1B9017CD009CF85D /* Products */;
			projectDirPath = "";
			projectRoot = "";
			targets = (
				91A1CA9A1B9017CD009CF85D /* Telephone */,
				91A1CAB31B9017CD009CF85D /* TelephoneTests */,
			);
		};
/* End PBXProject section */

/* Begin PBXResourcesBuildPhase section */
		91A1CA991B9017CD009CF85D /* Resources */ = {
			isa = PBXResourcesBuildPhase;
			buildActionMask = 2147483647;
			files = (
				91A1CAAA1B9017CD009CF85D /* Main.storyboard in Resources */,
				91A1CAAF1B9017CD009CF85D /* LaunchScreen.xib in Resources */,
				91A1CAAC1B9017CD009CF85D /* Images.xcassets in Resources */,
				91A1CACC1B9032E6009CF85D /* TelephoneViewController.xib in Resources */,
				91A1CACE1B904196009CF85D /* TelephoneEn.plist in Resources */,
			);
			runOnlyForDeploymentPostprocessing = 0;
		};
		91A1CAB21B9017CD009CF85D /* Resources */ = {
			isa = PBXResourcesBuildPhase;
			buildActionMask = 2147483647;
			files = (
			);
			runOnlyForDeploymentPostprocessing = 0;
		};
/* End PBXResourcesBuildPhase section */

/* Begin PBXSourcesBuildPhase section */
		91A1CA971B9017CD009CF85D /* Sources */ = {
			isa = PBXSourcesBuildPhase;
			buildActionMask = 2147483647;
			files = (
				91A1CACB1B9032E6009CF85D /* TelephoneViewController.m in Sources */,
				91A1CAA41B9017CD009CF85D /* AppDelegate.m in Sources */,
				91A1CAA11B9017CD009CF85D /* main.m in Sources */,
				91A1CAD11B904A94009CF85D /* ControyViewController.m in Sources */,
				91A1CADC1B90570F009CF85D /* CountryTableViewCell.m in Sources */,
			);
			runOnlyForDeploymentPostprocessing = 0;
		};
		91A1CAB01B9017CD009CF85D /* Sources */ = {
			isa = PBXSourcesBuildPhase;
			buildActionMask = 2147483647;
			files = (
				91A1CABB1B9017CD009CF85D /* TelephoneTests.m in Sources */,
			);
			runOnlyForDeploymentPostprocessing = 0;
		};
/* End PBXSourcesBuildPhase section */

/* Begin PBXTargetDependency section */
		91A1CAB61B9017CD009CF85D /* PBXTargetDependency */ = {
			isa = PBXTargetDependency;
			target = 91A1CA9A1B9017CD009CF85D /* Telephone */;
			targetProxy = 91A1CAB51B9017CD009CF85D /* PBXContainerItemProxy */;
		};
/* End PBXTargetDependency section */

/* Begin PBXVariantGroup section */
		91A1CAA81B9017CD009CF85D /* Main.storyboard */ = {
			isa = PBXVariantGroup;
			children = (
				91A1CAA91B9017CD009CF85D /* Base */,
			);
			name = Main.storyboard;
			sourceTree = "<group>";
		};
		91A1CAAD1B9017CD009CF85D /* LaunchScreen.xib */ = {
			isa = PBXVariantGroup;
			children = (
				91A1CAAE1B9017CD009CF85D /* Base */,
			);
			name = LaunchScreen.xib;
			sourceTree = "<group>";
		};
/* End PBXVariantGroup section */

/* Begin XCBuildConfiguration section */
		91A1CABC1B9017CD009CF85D /* Debug */ = {
			isa = XCBuildConfiguration;
			buildSettings = {
				ALWAYS_SEARCH_USER_PATHS = NO;
				CLANG_CXX_LANGUAGE_STANDARD = "gnu++0x";
				CLANG_CXX_LIBRARY = "libc++";
				CLANG_ENABLE_MODULES = YES;
				CLANG_ENABLE_OBJC_ARC = YES;
				CLANG_WARN_BOOL_CONVERSION = YES;
				CLANG_WARN_CONSTANT_CONVERSION = YES;
				CLANG_WARN_DIRECT_OBJC_ISA_USAGE = YES_ERROR;
				CLANG_WARN_EMPTY_BODY = YES;
				CLANG_WARN_ENUM_CONVERSION = YES;
				CLANG_WARN_INT_CONVERSION = YES;
				CLANG_WARN_OBJC_ROOT_CLASS = YES_ERROR;
				CLANG_WARN_UNREACHABLE_CODE = YES;
				CLANG_WARN__DUPLICATE_METHOD_MATCH = YES;
				"CODE_SIGN_IDENTITY[sdk=iphoneos*]" = "iPhone Developer";
				COPY_PHASE_STRIP = NO;
				ENABLE_STRICT_OBJC_MSGSEND = YES;
				GCC_C_LANGUAGE_STANDARD = gnu99;
				GCC_DYNAMIC_NO_PIC = NO;
				GCC_OPTIMIZATION_LEVEL = 0;
				GCC_PREPROCESSOR_DEFINITIONS = (
					"DEBUG=1",
					"$(inherited)",
				);
				GCC_SYMBOLS_PRIVATE_EXTERN = NO;
				GCC_WARN_64_TO_32_BIT_CONVERSION = YES;
				GCC_WARN_ABOUT_RETURN_TYPE = YES_ERROR;
				GCC_WARN_UNDECLARED_SELECTOR = YES;
				GCC_WARN_UNINITIALIZED_AUTOS = YES_AGGRESSIVE;
				GCC_WARN_UNUSED_FUNCTION = YES;
				GCC_WARN_UNUSED_VARIABLE = YES;
				IPHONEOS_DEPLOYMENT_TARGET = 8.1;
				MTL_ENABLE_DEBUG_INFO = YES;
				ONLY_ACTIVE_ARCH = YES;
				SDKROOT = iphoneos;
				TARGETED_DEVICE_FAMILY = "1,2";
			};
			name = Debug;
		};
		91A1CABD1B9017CD009CF85D /* Release */ = {
			isa = XCBuildConfiguration;
			buildSettings = {
				ALWAYS_SEARCH_USER_PATHS = NO;
				CLANG_CXX_LANGUAGE_STANDARD = "gnu++0x";
				CLANG_CXX_LIBRARY = "libc++";
				CLANG_ENABLE_MODULES = YES;
				CLANG_ENABLE_OBJC_ARC = YES;
				CLANG_WARN_BOOL_CONVERSION = YES;
				CLANG_WARN_CONSTANT_CONVERSION = YES;
				CLANG_WARN_DIRECT_OBJC_ISA_USAGE = YES_ERROR;
				CLANG_WARN_EMPTY_BODY = YES;
				CLANG_WARN_ENUM_CONVERSION = YES;
				CLANG_WARN_INT_CONVERSION = YES;
				CLANG_WARN_OBJC_ROOT_CLASS = YES_ERROR;
				CLANG_WARN_UNREACHABLE_CODE = YES;
				CLANG_WARN__DUPLICATE_METHOD_MATCH = YES;
				"CODE_SIGN_IDENTITY[sdk=iphoneos*]" = "iPhone Developer";
				COPY_PHASE_STRIP = YES;
				ENABLE_NS_ASSERTIONS = NO;
				ENABLE_STRICT_OBJC_MSGSEND = YES;
				GCC_C_LANGUAGE_STANDARD = gnu99;
				GCC_WARN_64_TO_32_BIT_CONVERSION = YES;
				GCC_WARN_ABOUT_RETURN_TYPE = YES_ERROR;
				GCC_WARN_UNDECLARED_SELECTOR = YES;
				GCC_WARN_UNINITIALIZED_AUTOS = YES_AGGRESSIVE;
				GCC_WARN_UNUSED_FUNCTION = YES;
				GCC_WARN_UNUSED_VARIABLE = YES;
				IPHONEOS_DEPLOYMENT_TARGET = 8.1;
				MTL_ENABLE_DEBUG_INFO = NO;
				SDKROOT = iphoneos;
				TARGETED_DEVICE_FAMILY = "1,2";
				VALIDATE_PRODUCT = YES;
			};
			name = Release;
		};
		91A1CABF1B9017CD009CF85D /* Debug */ = {
			isa = XCBuildConfiguration;
			buildSettings = {
				ASSETCATALOG_COMPILER_APPICON_NAME = AppIcon;
				INFOPLIST_FILE = Telephone/Info.plist;
				LD_RUNPATH_SEARCH_PATHS = "$(inherited) @executable_path/Frameworks";
				PRODUCT_NAME = "$(TARGET_NAME)";
			};
			name = Debug;
		};
		91A1CAC01B9017CD009CF85D /* Release */ = {
			isa = XCBuildConfiguration;
			buildSettings = {
				ASSETCATALOG_COMPILER_APPICON_NAME = AppIcon;
				INFOPLIST_FILE = Telephone/Info.plist;
				LD_RUNPATH_SEARCH_PATHS = "$(inherited) @executable_path/Frameworks";
				PRODUCT_NAME = "$(TARGET_NAME)";
			};
			name = Release;
		};
		91A1CAC21B9017CD009CF85D /* Debug */ = {
			isa = XCBuildConfiguration;
			buildSettings = {
				BUNDLE_LOADER = "$(TEST_HOST)";
				FRAMEWORK_SEARCH_PATHS = (
					"$(SDKROOT)/Developer/Library/Frameworks",
					"$(inherited)",
				);
				GCC_PREPROCESSOR_DEFINITIONS = (
					"DEBUG=1",
					"$(inherited)",
				);
				INFOPLIST_FILE = TelephoneTests/Info.plist;
				LD_RUNPATH_SEARCH_PATHS = "$(inherited) @executable_path/Frameworks @loader_path/Frameworks";
				PRODUCT_NAME = "$(TARGET_NAME)";
				TEST_HOST = "$(BUILT_PRODUCTS_DIR)/Telephone.app/Telephone";
			};
			name = Debug;
		};
		91A1CAC31B9017CD009CF85D /* Release */ = {
			isa = XCBuildConfiguration;
			buildSettings = {
				BUNDLE_LOADER = "$(TEST_HOST)";
				FRAMEWORK_SEARCH_PATHS = (
					"$(SDKROOT)/Developer/Library/Frameworks",
					"$(inherited)",
				);
				INFOPLIST_FILE = TelephoneTests/Info.plist;
				LD_RUNPATH_SEARCH_PATHS = "$(inherited) @executable_path/Frameworks @loader_path/Frameworks";
				PRODUCT_NAME = "$(TARGET_NAME)";
				TEST_HOST = "$(BUILT_PRODUCTS_DIR)/Telephone.app/Telephone";
			};
			name = Release;
		};
/* End XCBuildConfiguration section */

/* Begin XCConfigurationList section */
		91A1CA961B9017CD009CF85D /* Build configuration list for PBXProject "Telephone" */ = {
			isa = XCConfigurationList;
			buildConfigurations = (
				91A1CABC1B9017CD009CF85D /* Debug */,
				91A1CABD1B9017CD009CF85D /* Release */,
			);
			defaultConfigurationIsVisible = 0;
			defaultConfigurationName = Release;
		};
		91A1CABE1B9017CD009CF85D /* Build configuration list for PBXNativeTarget "Telephone" */ = {
			isa = XCConfigurationList;
			buildConfigurations = (
				91A1CABF1B9017CD009CF85D /* Debug */,
				91A1CAC01B9017CD009CF85D /* Release */,
			);
			defaultConfigurationIsVisible = 0;
			defaultConfigurationName = Release;
		};
		91A1CAC11B9017CD009CF85D /* Build configuration list for PBXNativeTarget "TelephoneTests" */ = {
			isa = XCConfigurationList;
			buildConfigurations = (
				91A1CAC21B9017CD009CF85D /* Debug */,
				91A1CAC31B9017CD009CF85D /* Release */,
			);
			defaultConfigurationIsVisible = 0;
			defaultConfigurationName = Release;
		};
/* End XCConfigurationList section */
	};
	rootObject = 91A1CA931B9017CD009CF85D /* Project object */;
}
